# This file was autogenerated by uv via the following command:
#    uv pip compile pyproject.toml --python-version 3.12 -o requirements.lock
alembic==1.20.0
    # via madplan (pyproject.toml)
annotated-doc==0.0.5
    # via fastapi
annotated-types==0.8.0
    # via pydantic
anyio==4.15.1
    # via
    #   httpx
    #   starlette
argon2-cffi==25.1.0
    # via madplan (pyproject.toml)
argon2-cffi-bindings==26.1.0
    # via argon2-cffi
beautifulsoup4==4.15.0
    # via
    #   mf2py
    #   recipe-scrapers
certifi==2026.7.22
    # via
    #   httpcore
    #   httpx
    #   requests
cffi==2.1.1
    # via argon2-cffi-bindings
charset-normalizer==3.5.1
    # via requests
click==8.5.0
    # via uvicorn
extruct==0.18.0
    # via recipe-scrapers
fastapi==0.141.1
    # via madplan (pyproject.toml)
h11==0.16.0
    # via
    #   httpcore
    #   uvicorn
html-text==0.7.1
    # via extruct
html5lib==1.1
    # via
    #   mf2py
    #   pyrdfa3
httpcore==1.0.9
    # via httpx
httpx==0.28.1
    # via madplan (pyproject.toml)
idna==3.20
    # via
    #   anyio
    #   httpx
    #   requests
isodate==0.7.2
    # via recipe-scrapers
jstyleson==0.0.2
    # via extruct
lxml==6.1.3
    # via
    #   extruct
    #   html-text
    #   lxml-html-clean
lxml-html-clean==0.4.5
    # via
    #   extruct
    #   html-text
mako==1.4.3
    # via alembic
markupsafe==3.0.3
    # via mako
mf2py==2.0.2
    # via extruct
pycparser==3.0
    # via cffi
pydantic==2.13.5
    # via fastapi
pydantic-core==2.46.5
    # via pydantic
pyparsing==3.3.3
    # via rdflib
pyrdfa3==3.6.5
    # via extruct
rdflib==7.6.0
    # via
    #   extruct
    #   pyrdfa3
recipe-scrapers==15.12.0
    # via madplan (pyproject.toml)
requests==2.34.2
    # via
    #   mf2py
    #   pyrdfa3
six==1.17.0
    # via html5lib
soupsieve==2.10
    # via beautifulsoup4
sqlalchemy==2.1.1
    # via
    #   madplan (pyproject.toml)
    #   alembic
starlette==1.7.0
    # via fastapi
typing-extensions==4.16.0
    # via
    #   alembic
    #   anyio
    #   beautifulsoup4
    #   fastapi
    #   pydantic
    #   pydantic-core
    #   sqlalchemy
    #   starlette
    #   typing-inspection
typing-inspection==0.4.4
    # via
    #   fastapi
    #   pydantic
tzdata==2026.4
    # via madplan (pyproject.toml)
urllib3==2.8.0
    # via requests
uvicorn==0.54.0
    # via madplan (pyproject.toml)
w3lib==2.4.1
    # via extruct
webencodings==0.6.1
    # via html5lib
